
Microsoft Visual Studio Solution File, Format Version 12.00
# Visual Studio Version 17
VisualStudioVersion = 17.5.33627.172
MinimumVisualStudioVersion = 10.0.40219.1
Project("{9A19103F-16F7-4668-BE54-9A1E7A4F7556}") = "Pizzeria", "WebApplication2\Pizzeria.csproj", "{B71F1D9B-D382-4EC2-A7CA-DBE81DE60705}"
EndProject
Global
	GlobalSection(SolutionConfigurationPlatforms) = preSolution
		Debug|Any CPU = Debug|Any CPU
		Release|Any CPU = Release|Any CPU
	EndGlobalSection
	GlobalSection(ProjectConfigurationPlatforms) = postSolution
		{B71F1D9B-D382-4EC2-A7CA-DBE81DE60705}.Debug|Any CPU.ActiveCfg = Debug|Any CPU
		{B71F1D9B-D382-4EC2-A7CA-DBE81DE60705}.Debug|Any CPU.Build.0 = Debug|Any CPU
		{B71F1D9B-D382-4EC2-A7CA-DBE81DE60705}.Release|Any CPU.ActiveCfg = Release|Any CPU
		{B71F1D9B-D382-4EC2-A7CA-DBE81DE60705}.Release|Any CPU.Build.0 = Release|Any CPU
	EndGlobalSection
	GlobalSection(SolutionProperties) = preSolution
		HideSolutionNode = FALSE
	EndGlobalSection
	GlobalSection(ExtensibilityGlobals) = postSolution
		SolutionGuid = {E0BC4C3B-FAE9-483D-A9B3-40AE46954BA7}
	EndGlobalSection
EndGlobal
